version: 6
environments:
  default:
    channels:
    - url: https://conda.anaconda.org/nvidia/
    - url: https://conda.anaconda.org/conda-forge/
    packages:
      linux-64:
      - conda: https://conda.anaconda.org/conda-forge/linux-64/_libgcc_mutex-0.1-conda_forge.tar.bz2
      - conda: https://conda.anaconda.org/conda-forge/linux-64/_openmp_mutex-4.5-2_gnu.tar.bz2
      - conda: https://conda.anaconda.org/conda-forge/linux-64/binutils_impl_linux-64-2.44-hdf8817f_2.conda
      - conda: https://conda.anaconda.org/nvidia/linux-64/cuda-cccl_linux-64-12.9.27-0.conda
      - conda: https://conda.anaconda.org/nvidia/linux-64/cuda-cudart-12.9.79-0.conda
      - conda: https://conda.anaconda.org/nvidia/linux-64/cuda-cudart-dev-12.9.79-0.conda
      - conda: https://conda.anaconda.org/nvidia/noarch/cuda-cudart-dev_linux-64-12.9.79-0.conda
      - conda: https://conda.anaconda.org/nvidia/linux-64/cuda-cudart-static-12.9.79-0.conda
      - conda: https://conda.anaconda.org/nvidia/noarch/cuda-cudart-static_linux-64-12.9.79-0.conda
      - conda: https://conda.anaconda.org/nvidia/noarch/cuda-cudart_linux-64-12.9.79-0.conda
      - conda: https://conda.anaconda.org/nvidia/linux-64/cuda-cupti-12.9.79-0.conda
      - conda: https://conda.anaconda.org/nvidia/linux-64/cuda-cupti-dev-12.9.79-0.conda
      - conda: https://conda.anaconda.org/nvidia/linux-64/cuda-nvrtc-12.9.86-0.conda
      - conda: https://conda.anaconda.org/nvidia/noarch/cuda-version-12.9-3.conda
      - conda: https://conda.anaconda.org/conda-forge/linux-64/gcc_impl_linux-64-14.3.0-hd9e9e21_7.conda
      - conda: https://conda.anaconda.org/conda-forge/noarch/kernel-headers_linux-64-4.18.0-he073ed8_8.conda
      - conda: https://conda.anaconda.org/conda-forge/linux-64/ld_impl_linux-64-2.44-ha97dd6f_2.conda
      - conda: https://conda.anaconda.org/conda-forge/linux-64/libgcc-15.2.0-h767d61c_7.conda
      - conda: https://conda.anaconda.org/conda-forge/noarch/libgcc-devel_linux-64-14.3.0-h85bb3a7_107.conda
      - conda: https://conda.anaconda.org/conda-forge/linux-64/libgcc-ng-15.2.0-h69a702a_7.conda
      - conda: https://conda.anaconda.org/conda-forge/linux-64/libgomp-15.2.0-h767d61c_7.conda
      - conda: https://conda.anaconda.org/conda-forge/linux-64/libsanitizer-14.3.0-hd08acf3_7.conda
      - conda: https://conda.anaconda.org/conda-forge/linux-64/libstdcxx-15.2.0-h8f9b012_7.conda
      - conda: https://conda.anaconda.org/conda-forge/linux-64/libstdcxx-ng-15.2.0-h4852527_7.conda
      - conda: https://conda.anaconda.org/conda-forge/linux-64/libzlib-1.3.1-hb9d3cd8_2.conda
      - conda: https://conda.anaconda.org/conda-forge/linux-64/rust-1.89.0-h53717f1_0.conda
      - conda: https://conda.anaconda.org/conda-forge/noarch/rust-std-x86_64-unknown-linux-gnu-1.89.0-h2c6d0dc_0.conda
      - conda: https://conda.anaconda.org/conda-forge/noarch/sysroot_linux-64-2.28-h4ee821c_8.conda
      - conda: https://conda.anaconda.org/conda-forge/noarch/tzdata-2025b-h78e105d_0.conda
packages:
- conda: https://conda.anaconda.org/conda-forge/linux-64/_libgcc_mutex-0.1-conda_forge.tar.bz2
  sha256: fe51de6107f9edc7aa4f786a70f4a883943bc9d39b3bb7307c04c41410990726
  md5: d7c89558ba9fa0495403155b64376d81
  license: None
  size: 2562
  timestamp: 1578324546067
- conda: https://conda.anaconda.org/conda-forge/linux-64/_openmp_mutex-4.5-2_gnu.tar.bz2
  build_number: 16
  sha256: fbe2c5e56a653bebb982eda4876a9178aedfc2b545f25d0ce9c4c0b508253d22
  md5: 73aaf86a425cc6e73fcf236a5a46396d
  depends:
  - _libgcc_mutex 0.1 conda_forge
  - libgomp >=7.5.0
  constrains:
  - openmp_impl 9999
  license: BSD-3-Clause
  license_family: BSD
  size: 23621
  timestamp: 1650670423406
- conda: https://conda.anaconda.org/conda-forge/linux-64/binutils_impl_linux-64-2.44-hdf8817f_2.conda
  sha256: 014eda0be99345946706a8141ecf32f619c731152831b85e4a752b4917c4528c
  md5: f0716b5f7e87e83678d50da21e7a54b4
  depends:
  - ld_impl_linux-64 2.44 ha97dd6f_2
  - sysroot_linux-64
  license: GPL-3.0-only
  license_family: GPL
  size: 3797704
  timestamp: 1758810925961
- conda: https://conda.anaconda.org/nvidia/linux-64/cuda-cccl_linux-64-12.9.27-0.conda
  sha256: 5ea225926517655bd27b723870a3cfa2c6248d634fd6cabc87553306a34113b9
  md5: 2aa00c417be8ce0fa4024464d4eb162c
  depends:
  - cuda-version >=12.9,<12.10.0a0
  license: LicenseRef-NVIDIA-End-User-License-Agreement
  size: 1145685
  timestamp: 1742008547224
- conda: https://conda.anaconda.org/nvidia/linux-64/cuda-cudart-12.9.79-0.conda
  sha256: 1f5d5b30490a10460ac611d3a5d699a020e8f4a2dd050b8be824ab5c2fbb9064
  md5: 57407109c2f355b53d4ca9b7e88cd77b
  depends:
  - __glibc >=2.17,<3.0.a0
  - cuda-cudart_linux-64 12.9.79 0
  - cuda-version >=12.9,<12.10.0a0
  - libgcc-ng >=11.2.0
  - libstdcxx-ng >=11.2.0
  license: LicenseRef-NVIDIA-End-User-License-Agreement
  size: 17809
  timestamp: 1747087796318
- conda: https://conda.anaconda.org/nvidia/linux-64/cuda-cudart-dev-12.9.79-0.conda
  sha256: e265f3131401bbac57cd882257d8db5f9610b892095e5375bd6b84f6899b832e
  md5: 48a01a7a691c5ba1b7ca3c092f9f39f6
  depends:
  - __glibc >=2.17,<3.0.a0
  - cuda-cudart 12.9.79 0
  - cuda-cudart-dev_linux-64 12.9.79 0
  - cuda-cudart-static 12.9.79 0
  - cuda-version >=12.9,<12.10.0a0
  - libgcc-ng >=11.2.0
  - libstdcxx-ng >=11.2.0
  license: LicenseRef-NVIDIA-End-User-License-Agreement
  size: 17879
  timestamp: 1747087813603
- conda: https://conda.anaconda.org/nvidia/noarch/cuda-cudart-dev_linux-64-12.9.79-0.conda
  sha256: 1e6c17b64b5efd5b1b76346de84247a2e06094a6a4c81918591efe4b376ec8c3
  md5: 33030d4dbb7f53f890accc062f7622b4
  depends:
  - cuda-cccl_linux-64
  - cuda-cudart-static_linux-64
  - cuda-cudart_linux-64
  - cuda-version >=12.9,<12.10.0a0
  license: LicenseRef-NVIDIA-End-User-License-Agreement
  size: 382904
  timestamp: 1747087800219
- conda: https://conda.anaconda.org/nvidia/linux-64/cuda-cudart-static-12.9.79-0.conda
  sha256: ea63f85db27fd60fc2f45837ea7fecfb509a870517029b75bfcd2b61b7343f51
  md5: 65d7cf174579790c466808b9578aabc4
  depends:
  - __glibc >=2.17,<3.0.a0
  - cuda-cudart-static_linux-64 12.9.79 0
  - cuda-version >=12.9,<12.10.0a0
  - libgcc-ng >=11.2.0
  - libstdcxx-ng >=11.2.0
  license: LicenseRef-NVIDIA-End-User-License-Agreement
  size: 17515
  timestamp: 1747087805632
- conda: https://conda.anaconda.org/nvidia/noarch/cuda-cudart-static_linux-64-12.9.79-0.conda
  sha256: d9e552b81925bb5b2327754bf4451b5d454ef48531479d24d366a30049e2a1be
  md5: 3b729224bbd69d2b4b87eeae11dbcaff
  depends:
  - cuda-version >=12.9,<12.10.0a0
  license: LicenseRef-NVIDIA-End-User-License-Agreement
  size: 1145537
  timestamp: 1747087781238
- conda: https://conda.anaconda.org/nvidia/noarch/cuda-cudart_linux-64-12.9.79-0.conda
  sha256: 2e227e5dd6822a048d98e4a32219277db55b5c10be0cfb9af27ab5ebce451b78
  md5: b57936ca7e409053b5d325ac2f1b7b2f
  depends:
  - cuda-version >=12.9,<12.10.0a0
  license: LicenseRef-NVIDIA-End-User-License-Agreement
  size: 193644
  timestamp: 1747087788385
- conda: https://conda.anaconda.org/nvidia/linux-64/cuda-cupti-12.9.79-0.conda
  sha256: b586bf782a3ca5f26b33671bff63af634087c5c810d82fce9dcb17ad89d01cbf
  md5: 256ad7f05454c8b7c7bd7c3245a00ee4
  depends:
  - __glibc >=2.17,<3.0.a0
  - cuda-version >=12.9,<12.10.0a0
  - libgcc-ng >=11.2.0
  - libstdcxx-ng >=11.2.0
  license: LicenseRef-NVIDIA-End-User-License-Agreement
  size: 1870657
  timestamp: 1747088236280
- conda: https://conda.anaconda.org/nvidia/linux-64/cuda-cupti-dev-12.9.79-0.conda
  sha256: 74f014e702f5d275dd2da4704b55d6e122ab081e4c2a816ba462a20cdf8527ad
  md5: 79293a395919fce3ef0b07ab3addbeae
  depends:
  - __glibc >=2.17,<3.0.a0
  - cuda-cupti 12.9.79 0
  - cuda-version >=12.9,<12.10.0a0
  - libgcc-ng >=11.2.0
  - libstdcxx-ng >=11.2.0
  constrains:
  - cuda-cupti-static >=12.9.79
  license: LicenseRef-NVIDIA-End-User-License-Agreement
  size: 4283344
  timestamp: 1747088284749
- conda: https://conda.anaconda.org/nvidia/linux-64/cuda-nvrtc-12.9.86-0.conda
  sha256: 7c647fe502b50b40c44696764d39c7b362974075ab341ea3321d5c34aefa0073
  md5: 7b70b28986e13d88cb3d94209c0b215c
  depends:
  - __glibc >=2.17,<3.0.a0
  - cuda-version >=12.9,<12.10.0a0
  - libgcc-ng >=11.2.0
  - libstdcxx-ng >=11.2.0
  license: LicenseRef-NVIDIA-End-User-License-Agreement
  size: 67191718
  timestamp: 1748340611254
- conda: https://conda.anaconda.org/nvidia/noarch/cuda-version-12.9-3.conda
  sha256: d05c0d4e2d1fbf32275db798275b9a8b57e97c0748f4c073ba6c532fe839bb06
  md5: 40969c18662ba1d35292e70e8545ce90
  constrains:
  - __cuda >=12
  - cudatoolkit 12.9|12.9.*
  license: LicenseRef-NVIDIA-End-User-License-Agreement
  size: 17161
  timestamp: 1748727273518
- conda: https://conda.anaconda.org/conda-forge/linux-64/gcc_impl_linux-64-14.3.0-hd9e9e21_7.conda
  sha256: bddd2b13469334fdd474281753cf0b347ac16c3e123ecfdce556ba16fbda9454
  md5: 54876317578ad4bf695aad97ff8398d9
  depends:
  - binutils_impl_linux-64 >=2.40
  - libgcc >=14.3.0
  - libgcc-devel_linux-64 14.3.0 h85bb3a7_107
  - libgomp >=14.3.0
  - libsanitizer 14.3.0 hd08acf3_7
  - libstdcxx >=14.3.0
  - sysroot_linux-64
  license: GPL-3.0-only WITH GCC-exception-3.1
  size: 69987984
  timestamp: 1759965829687
- conda: https://conda.anaconda.org/conda-forge/noarch/kernel-headers_linux-64-4.18.0-he073ed8_8.conda
  sha256: 305c22a251db227679343fd73bfde121e555d466af86e537847f4c8b9436be0d
  md5: ff007ab0f0fdc53d245972bba8a6d40c
  constrains:
  - sysroot_linux-64 ==2.28
  license: LGPL-2.0-or-later AND LGPL-2.0-or-later WITH exceptions AND GPL-2.0-or-later
  license_family: GPL
  size: 1272697
  timestamp: 1752669126073
- conda: https://conda.anaconda.org/conda-forge/linux-64/ld_impl_linux-64-2.44-ha97dd6f_2.conda
  sha256: 707dfb8d55d7a5c6f95c772d778ef07a7ca85417d9971796f7d3daad0b615de8
  md5: 14bae321b8127b63cba276bd53fac237
  depends:
  - __glibc >=2.17,<3.0.a0
  constrains:
  - binutils_impl_linux-64 2.44
  license: GPL-3.0-only
  license_family: GPL
  size: 747158
  timestamp: 1758810907507
- conda: https://conda.anaconda.org/conda-forge/linux-64/libgcc-15.2.0-h767d61c_7.conda
  sha256: 08f9b87578ab981c7713e4e6a7d935e40766e10691732bba376d4964562bcb45
  md5: c0374badb3a5d4b1372db28d19462c53
  depends:
  - __glibc >=2.17,<3.0.a0
  - _openmp_mutex >=4.5
  constrains:
  - libgomp 15.2.0 h767d61c_7
  - libgcc-ng ==15.2.0=*_7
  license: GPL-3.0-only WITH GCC-exception-3.1
  size: 822552
  timestamp: 1759968052178
- conda: https://conda.anaconda.org/conda-forge/noarch/libgcc-devel_linux-64-14.3.0-h85bb3a7_107.conda
  sha256: 57a1e792e9cffb3e641c84d3830eb637a81c85f33bdc3d45ac7b653c701f9d68
  md5: 84915638a998fae4d495fa038683a73e
  depends:
  - __unix
  license: GPL-3.0-only WITH GCC-exception-3.1
  size: 2731390
  timestamp: 1759965626607
- conda: https://conda.anaconda.org/conda-forge/linux-64/libgcc-ng-15.2.0-h69a702a_7.conda
  sha256: 2045066dd8e6e58aaf5ae2b722fb6dfdbb57c862b5f34ac7bfb58c40ef39b6ad
  md5: 280ea6eee9e2ddefde25ff799c4f0363
  depends:
  - libgcc 15.2.0 h767d61c_7
  license: GPL-3.0-only WITH GCC-exception-3.1
  size: 29313
  timestamp: 1759968065504
- conda: https://conda.anaconda.org/conda-forge/linux-64/libgomp-15.2.0-h767d61c_7.conda
  sha256: e9fb1c258c8e66ee278397b5822692527c5f5786d372fe7a869b900853f3f5ca
  md5: f7b4d76975aac7e5d9e6ad13845f92fe
  depends:
  - __glibc >=2.17,<3.0.a0
  license: GPL-3.0-only WITH GCC-exception-3.1
  size: 447919
  timestamp: 1759967942498
- conda: https://conda.anaconda.org/conda-forge/linux-64/libsanitizer-14.3.0-hd08acf3_7.conda
  sha256: 73eb65f58ed086cf73fb9af3be4a9b288f630e9c2e1caacc75aff5f265d2dda2
  md5: 716f4c96e07207d74e635c915b8b3f8b
  depends:
  - __glibc >=2.17,<3.0.a0
  - libgcc >=14.3.0
  - libstdcxx >=14.3.0
  license: GPL-3.0-only WITH GCC-exception-3.1
  size: 5110341
  timestamp: 1759965766003
- conda: https://conda.anaconda.org/conda-forge/linux-64/libstdcxx-15.2.0-h8f9b012_7.conda
  sha256: 1b981647d9775e1cdeb2fab0a4dd9cd75a6b0de2963f6c3953dbd712f78334b3
  md5: 5b767048b1b3ee9a954b06f4084f93dc
  depends:
  - __glibc >=2.17,<3.0.a0
  - libgcc 15.2.0 h767d61c_7
  constrains:
  - libstdcxx-ng ==15.2.0=*_7
  license: GPL-3.0-only WITH GCC-exception-3.1
  size: 3898269
  timestamp: 1759968103436
- conda: https://conda.anaconda.org/conda-forge/linux-64/libstdcxx-ng-15.2.0-h4852527_7.conda
  sha256: 024fd46ac3ea8032a5ec3ea7b91c4c235701a8bf0e6520fe5e6539992a6bd05f
  md5: f627678cf829bd70bccf141a19c3ad3e
  depends:
  - libstdcxx 15.2.0 h8f9b012_7
  license: GPL-3.0-only WITH GCC-exception-3.1
  size: 29343
  timestamp: 1759968157195
- conda: https://conda.anaconda.org/conda-forge/linux-64/libzlib-1.3.1-hb9d3cd8_2.conda
  sha256: d4bfe88d7cb447768e31650f06257995601f89076080e76df55e3112d4e47dc4
  md5: edb0dca6bc32e4f4789199455a1dbeb8
  depends:
  - __glibc >=2.17,<3.0.a0
  - libgcc >=13
  constrains:
  - zlib 1.3.1 *_2
  license: Zlib
  license_family: Other
  size: 60963
  timestamp: 1727963148474
- conda: https://conda.anaconda.org/conda-forge/linux-64/rust-1.89.0-h53717f1_0.conda
  sha256: bc68b5225d80de6da78350213655c8d7cd43519803c2f6dc7c6e9ab9fe810f36
  md5: 719a6e2a172b21c2c61446221e9192c1
  depends:
  - __glibc >=2.17,<3.0.a0
  - gcc_impl_linux-64
  - libgcc >=14
  - libzlib >=1.3.1,<2.0a0
  - rust-std-x86_64-unknown-linux-gnu 1.89.0 h2c6d0dc_0
  - sysroot_linux-64 >=2.17
  license: MIT
  license_family: MIT
  size: 225780210
  timestamp: 1754660161071
- conda: https://conda.anaconda.org/conda-forge/noarch/rust-std-x86_64-unknown-linux-gnu-1.89.0-h2c6d0dc_0.conda
  sha256: 533e3144feeb5d20008436149c4c90ac8a3b4e91e0f28b9ccb9d99d2ddfec2aa
  md5: b604abab3384fc21314b6d0c60413de4
  depends:
  - __unix
  constrains:
  - rust >=1.89.0,<1.89.1.0a0
  license: MIT
  license_family: MIT
  size: 38055572
  timestamp: 1754660019384
- conda: https://conda.anaconda.org/conda-forge/noarch/sysroot_linux-64-2.28-h4ee821c_8.conda
  sha256: 0053c17ffbd9f8af1a7f864995d70121c292e317804120be4667f37c92805426
  md5: 1bad93f0aa428d618875ef3a588a889e
  depends:
  - __glibc >=2.28
  - kernel-headers_linux-64 4.18.0 he073ed8_8
  - tzdata
  license: LGPL-2.0-or-later AND LGPL-2.0-or-later WITH exceptions AND GPL-2.0-or-later
  license_family: GPL
  size: 24210909
  timestamp: 1752669140965
- conda: https://conda.anaconda.org/conda-forge/noarch/tzdata-2025b-h78e105d_0.conda
  sha256: 5aaa366385d716557e365f0a4e9c3fca43ba196872abbbe3d56bb610d131e192
  md5: 4222072737ccff51314b5ece9c7d6f5a
  license: LicenseRef-Public-Domain
  size: 122968
  timestamp: 1742727099393
